// !$*UTF8*$!
{
	archiveVersion = 1;
	classes = {
	};
	objectVersion = 63;
	objects = {

/* Begin PBXBuildFile section */
		923C99787B0D824EB9ED328E /* Pods_SoundMap.framework in Frameworks */ = {isa = PBXBuildFile; fileRef = 555B85D280A444B6D48FB553 /* Pods_SoundMap.framework */; };
		AB0E418F2B7BC89500CF3283 /* UploadViewController.swift in Sources */ = {isa = PBXBuildFile; fileRef = AB0E418E2B7BC89500CF3283 /* UploadViewController.swift */; };
		AB24DACB2C81B954000C5A73 /* InfoWindowView.swift in Sources */ = {isa = PBXBuildFile; fileRef = AB24DACA2C81B954000C5A73 /* InfoWindowView.swift */; };
		AB24DACE2C81C127000C5A73 /* CustomeClusterRenderer.swift in Sources */ = {isa = PBXBuildFile; fileRef = AB24DACD2C81C127000C5A73 /* CustomeClusterRenderer.swift */; };
		AB24DAD02C82762B000C5A73 /* AnimatedLaunchScreen.swift in Sources */ = {isa = PBXBuildFile; fileRef = AB24DACF2C82762B000C5A73 /* AnimatedLaunchScreen.swift */; };
		AB2EE0B82C8114F40060121C /* MapStyle.json in Resources */ = {isa = PBXBuildFile; fileRef = AB2EE0B72C8114F40060121C /* MapStyle.json */; };
		AB32861B2B795800005D50FC /* Noise Logo - buffer.jpeg in Resources */ = {isa = PBXBuildFile; fileRef = AB32861A2B795800005D50FC /* Noise Logo - buffer.jpeg */; };
		AB762B822B7C92060078F237 /* GoogleService-Info.plist in Resources */ = {isa = PBXBuildFile; fileRef = AB762B812B7C92060078F237 /* GoogleService-Info.plist */; };
		AB8D8E222B7950D30074520B /* AppDelegate.swift in Sources */ = {isa = PBXBuildFile; fileRef = AB8D8E212B7950D30074520B /* AppDelegate.swift */; };
		AB8D8E242B7950D30074520B /* SceneDelegate.swift in Sources */ = {isa = PBXBuildFile; fileRef = AB8D8E232B7950D30074520B /* SceneDelegate.swift */; };
		AB8D8E262B7950D30074520B /* MapsViewController.swift in Sources */ = {isa = PBXBuildFile; fileRef = AB8D8E252B7950D30074520B /* MapsViewController.swift */; };
		AB8D8E292B7950D30074520B /* Main.storyboard in Resources */ = {isa = PBXBuildFile; fileRef = AB8D8E272B7950D30074520B /* Main.storyboard */; };
		AB8D8E2B2B7950D40074520B /* Assets.xcassets in Resources */ = {isa = PBXBuildFile; fileRef = AB8D8E2A2B7950D40074520B /* Assets.xcassets */; };
		AB8D8E382B7952EC0074520B /* RecordViewController.swift in Sources */ = {isa = PBXBuildFile; fileRef = AB8D8E372B7952EC0074520B /* RecordViewController.swift */; };
		AB9831712B7F8738009DAEC3 /* MoreInfoViewController.swift in Sources */ = {isa = PBXBuildFile; fileRef = AB9831702B7F8738009DAEC3 /* MoreInfoViewController.swift */; };
		ABA2BCD92B7A010400257211 /* EstablishmentSelectorViewController.swift in Sources */ = {isa = PBXBuildFile; fileRef = ABA2BCD82B7A010400257211 /* EstablishmentSelectorViewController.swift */; };
		ABA2BCDB2B7A012400257211 /* RecordAudioViewController.swift in Sources */ = {isa = PBXBuildFile; fileRef = ABA2BCDA2B7A012400257211 /* RecordAudioViewController.swift */; };
		ABE28FBE2C8A2C6C00B09220 /* UserTabView.swift in Sources */ = {isa = PBXBuildFile; fileRef = ABE28FBD2C8A2C6C00B09220 /* UserTabView.swift */; };
		ABE28FC02C8A2CB300B09220 /* UserTabViewController.swift in Sources */ = {isa = PBXBuildFile; fileRef = ABE28FBF2C8A2CB300B09220 /* UserTabViewController.swift */; };
/* End PBXBuildFile section */

/* Begin PBXFileReference section */
		084875DF401C6FE652EB8877 /* Pods-SoundMap.release.xcconfig */ = {isa = PBXFileReference; includeInIndex = 1; lastKnownFileType = text.xcconfig; name = "Pods-SoundMap.release.xcconfig"; path = "Target Support Files/Pods-SoundMap/Pods-SoundMap.release.xcconfig"; sourceTree = "<group>"; };
		1906B586C9DE7C02425F9B49 /* Pods-Noise.debug.xcconfig */ = {isa = PBXFileReference; includeInIndex = 1; lastKnownFileType = text.xcconfig; name = "Pods-Noise.debug.xcconfig"; path = "Target Support Files/Pods-Noise/Pods-Noise.debug.xcconfig"; sourceTree = "<group>"; };
		555B85D280A444B6D48FB553 /* Pods_SoundMap.framework */ = {isa = PBXFileReference; explicitFileType = wrapper.framework; includeInIndex = 0; path = Pods_SoundMap.framework; sourceTree = BUILT_PRODUCTS_DIR; };
		601B399B44956CBBFA78DD50 /* Pods-SoundMap.debug.xcconfig */ = {isa = PBXFileReference; includeInIndex = 1; lastKnownFileType = text.xcconfig; name = "Pods-SoundMap.debug.xcconfig"; path = "Target Support Files/Pods-SoundMap/Pods-SoundMap.debug.xcconfig"; sourceTree = "<group>"; };
		AB0E418E2B7BC89500CF3283 /* UploadViewController.swift */ = {isa = PBXFileReference; lastKnownFileType = sourcecode.swift; path = UploadViewController.swift; sourceTree = "<group>"; };
		AB24DACA2C81B954000C5A73 /* InfoWindowView.swift */ = {isa = PBXFileReference; lastKnownFileType = sourcecode.swift; name = InfoWindowView.swift; path = /Users/jonathan/Downloads/Noise/SoundMap/Controller/InfoWindowView.swift; sourceTree = "<absolute>"; };
		AB24DACD2C81C127000C5A73 /* CustomeClusterRenderer.swift */ = {isa = PBXFileReference; lastKnownFileType = sourcecode.swift; path = CustomeClusterRenderer.swift; sourceTree = "<group>"; };
		AB24DACF2C82762B000C5A73 /* AnimatedLaunchScreen.swift */ = {isa = PBXFileReference; lastKnownFileType = sourcecode.swift; path = AnimatedLaunchScreen.swift; sourceTree = "<group>"; };
		AB2EE0B72C8114F40060121C /* MapStyle.json */ = {isa = PBXFileReference; fileEncoding = 4; lastKnownFileType = text.json; path = MapStyle.json; sourceTree = "<group>"; };
		AB32861A2B795800005D50FC /* Noise Logo - buffer.jpeg */ = {isa = PBXFileReference; lastKnownFileType = image.jpeg; name = "Noise Logo - buffer.jpeg"; path = "SoundMap/Assets.xcassets/AppIcon.appiconset/Noise Logo - buffer.jpeg"; sourceTree = SOURCE_ROOT; };
		AB762B812B7C92060078F237 /* GoogleService-Info.plist */ = {isa = PBXFileReference; lastKnownFileType = text.plist; path = "GoogleService-Info.plist"; sourceTree = SOURCE_ROOT; };
		AB8D8E1E2B7950D30074520B /* SoundMap.app */ = {isa = PBXFileReference; explicitFileType = wrapper.application; includeInIndex = 0; path = SoundMap.app; sourceTree = BUILT_PRODUCTS_DIR; };
		AB8D8E212B7950D30074520B /* AppDelegate.swift */ = {isa = PBXFileReference; lastKnownFileType = sourcecode.swift; path = AppDelegate.swift; sourceTree = "<group>"; };
		AB8D8E232B7950D30074520B /* SceneDelegate.swift */ = {isa = PBXFileReference; lastKnownFileType = sourcecode.swift; path = SceneDelegate.swift; sourceTree = "<group>"; };
		AB8D8E252B7950D30074520B /* MapsViewController.swift */ = {isa = PBXFileReference; lastKnownFileType = sourcecode.swift; path = MapsViewController.swift; sourceTree = "<group>"; };
		AB8D8E282B7950D30074520B /* Base */ = {isa = PBXFileReference; lastKnownFileType = file.storyboard; name = Base; path = Base.lproj/Main.storyboard; sourceTree = "<group>"; };
		AB8D8E2A2B7950D40074520B /* Assets.xcassets */ = {isa = PBXFileReference; lastKnownFileType = folder.assetcatalog; path = Assets.xcassets; sourceTree = "<group>"; };
		AB8D8E2F2B7950D40074520B /* Info.plist */ = {isa = PBXFileReference; lastKnownFileType = text.plist.xml; path = Info.plist; sourceTree = "<group>"; };
		AB8D8E372B7952EC0074520B /* RecordViewController.swift */ = {isa = PBXFileReference; lastKnownFileType = sourcecode.swift; path = RecordViewController.swift; sourceTree = "<group>"; };
		AB9831702B7F8738009DAEC3 /* MoreInfoViewController.swift */ = {isa = PBXFileReference; lastKnownFileType = sourcecode.swift; path = MoreInfoViewController.swift; sourceTree = "<group>"; };
		ABA2BCD82B7A010400257211 /* EstablishmentSelectorViewController.swift */ = {isa = PBXFileReference; lastKnownFileType = sourcecode.swift; path = EstablishmentSelectorViewController.swift; sourceTree = "<group>"; };
		ABA2BCDA2B7A012400257211 /* RecordAudioViewController.swift */ = {isa = PBXFileReference; lastKnownFileType = sourcecode.swift; path = RecordAudioViewController.swift; sourceTree = "<group>"; };
		ABE28FBD2C8A2C6C00B09220 /* UserTabView.swift */ = {isa = PBXFileReference; lastKnownFileType = sourcecode.swift; path = UserTabView.swift; sourceTree = "<group>"; };
		ABE28FBF2C8A2CB300B09220 /* UserTabViewController.swift */ = {isa = PBXFileReference; lastKnownFileType = sourcecode.swift; path = UserTabViewController.swift; sourceTree = "<group>"; };
		D2B8851B115249E51612B43F /* Pods-Noise.release.xcconfig */ = {isa = PBXFileReference; includeInIndex = 1; lastKnownFileType = text.xcconfig; name = "Pods-Noise.release.xcconfig"; path = "Target Support Files/Pods-Noise/Pods-Noise.release.xcconfig"; sourceTree = "<group>"; };
/* End PBXFileReference section */

/* Begin PBXFrameworksBuildPhase section */
		AB8D8E1B2B7950D30074520B /* Frameworks */ = {
			isa = PBXFrameworksBuildPhase;
			buildActionMask = 2147483647;
			files = (
				923C99787B0D824EB9ED328E /* Pods_SoundMap.framework in Frameworks */,
			);
			runOnlyForDeploymentPostprocessing = 0;
		};
/* End PBXFrameworksBuildPhase section */

/* Begin PBXGroup section */
		AB32861C2B79587C005D50FC /* Controller */ = {
			isa = PBXGroup;
			children = (
				AB24DACA2C81B954000C5A73 /* InfoWindowView.swift */,
				AB24DACD2C81C127000C5A73 /* CustomeClusterRenderer.swift */,
				AB8D8E252B7950D30074520B /* MapsViewController.swift */,
				AB8D8E372B7952EC0074520B /* RecordViewController.swift */,
				ABA2BCD82B7A010400257211 /* EstablishmentSelectorViewController.swift */,
				ABA2BCDA2B7A012400257211 /* RecordAudioViewController.swift */,
				AB9831702B7F8738009DAEC3 /* MoreInfoViewController.swift */,
				AB0E418E2B7BC89500CF3283 /* UploadViewController.swift */,
				ABE28FBD2C8A2C6C00B09220 /* UserTabView.swift */,
				ABE28FBF2C8A2CB300B09220 /* UserTabViewController.swift */,
			);
			path = Controller;
			sourceTree = "<group>";
		};
		AB8D8E152B7950D30074520B = {
			isa = PBXGroup;
			children = (
				AB8D8E202B7950D30074520B /* SoundMap */,
				AB8D8E1F2B7950D30074520B /* Products */,
				BDE55348615DAA1BECAEC37B /* Pods */,
				E07FE803954C0D978F9FA8D7 /* Frameworks */,
			);
			sourceTree = "<group>";
		};
		AB8D8E1F2B7950D30074520B /* Products */ = {
			isa = PBXGroup;
			children = (
				AB8D8E1E2B7950D30074520B /* SoundMap.app */,
			);
			name = Products;
			sourceTree = "<group>";
		};
		AB8D8E202B7950D30074520B /* SoundMap */ = {
			isa = PBXGroup;
			children = (
				AB8D8E212B7950D30074520B /* AppDelegate.swift */,
				AB8D8E232B7950D30074520B /* SceneDelegate.swift */,
				AB24DACF2C82762B000C5A73 /* AnimatedLaunchScreen.swift */,
				AB32861C2B79587C005D50FC /* Controller */,
				AB8D8E272B7950D30074520B /* Main.storyboard */,
				AB8D8E2A2B7950D40074520B /* Assets.xcassets */,
				AB32861A2B795800005D50FC /* Noise Logo - buffer.jpeg */,
				AB2EE0B72C8114F40060121C /* MapStyle.json */,
				AB8D8E2F2B7950D40074520B /* Info.plist */,
				AB762B812B7C92060078F237 /* GoogleService-Info.plist */,
			);
			path = SoundMap;
			sourceTree = "<group>";
		};
		BDE55348615DAA1BECAEC37B /* Pods */ = {
			isa = PBXGroup;
			children = (
				1906B586C9DE7C02425F9B49 /* Pods-Noise.debug.xcconfig */,
				D2B8851B115249E51612B43F /* Pods-Noise.release.xcconfig */,
				601B399B44956CBBFA78DD50 /* Pods-SoundMap.debug.xcconfig */,
				084875DF401C6FE652EB8877 /* Pods-SoundMap.release.xcconfig */,
			);
			path = Pods;
			sourceTree = "<group>";
		};
		E07FE803954C0D978F9FA8D7 /* Frameworks */ = {
			isa = PBXGroup;
			children = (
				555B85D280A444B6D48FB553 /* Pods_SoundMap.framework */,
			);
			name = Frameworks;
			sourceTree = "<group>";
		};
/* End PBXGroup section */

/* Begin PBXNativeTarget section */
		AB8D8E1D2B7950D30074520B /* SoundMap */ = {
			isa = PBXNativeTarget;
			buildConfigurationList = AB8D8E322B7950D40074520B /* Build configuration list for PBXNativeTarget "SoundMap" */;
			buildPhases = (
				C5CC422714EF54F20B103F90 /* [CP] Check Pods Manifest.lock */,
				AB8D8E1A2B7950D30074520B /* Sources */,
				AB8D8E1B2B7950D30074520B /* Frameworks */,
				AB8D8E1C2B7950D30074520B /* Resources */,
				287A419EB5358339BA6C24F2 /* [CP] Copy Pods Resources */,
				428E83ADB23519611F56EE85 /* [CP] Embed Pods Frameworks */,
			);
			buildRules = (
			);
			dependencies = (
			);
			name = SoundMap;
			productName = Noise;
			productReference = AB8D8E1E2B7950D30074520B /* SoundMap.app */;
			productType = "com.apple.product-type.application";
		};
/* End PBXNativeTarget section */

/* Begin PBXProject section */
		AB8D8E162B7950D30074520B /* Project object */ = {
			isa = PBXProject;
			attributes = {
				BuildIndependentTargetsInParallel = 1;
				LastSwiftUpdateCheck = 1520;
				LastUpgradeCheck = 1520;
				TargetAttributes = {
					AB8D8E1D2B7950D30074520B = {
						CreatedOnToolsVersion = 15.2;
					};
				};
			};
			buildConfigurationList = AB8D8E192B7950D30074520B /* Build configuration list for PBXProject "Noise" */;
			compatibilityVersion = "Xcode 15.3";
			developmentRegion = en;
			hasScannedForEncodings = 0;
			knownRegions = (
				en,
				Base,
			);
			mainGroup = AB8D8E152B7950D30074520B;
			productRefGroup = AB8D8E1F2B7950D30074520B /* Products */;
			projectDirPath = "";
			projectRoot = "";
			targets = (
				AB8D8E1D2B7950D30074520B /* SoundMap */,
			);
		};
/* End PBXProject section */

/* Begin PBXResourcesBuildPhase section */
		AB8D8E1C2B7950D30074520B /* Resources */ = {
			isa = PBXResourcesBuildPhase;
			buildActionMask = 2147483647;
			files = (
				AB8D8E2B2B7950D40074520B /* Assets.xcassets in Resources */,
				AB2EE0B82C8114F40060121C /* MapStyle.json in Resources */,
				AB32861B2B795800005D50FC /* Noise Logo - buffer.jpeg in Resources */,
				AB8D8E292B7950D30074520B /* Main.storyboard in Resources */,
				AB762B822B7C92060078F237 /* GoogleService-Info.plist in Resources */,
			);
			runOnlyForDeploymentPostprocessing = 0;
		};
/* End PBXResourcesBuildPhase section */

/* Begin PBXShellScriptBuildPhase section */
		287A419EB5358339BA6C24F2 /* [CP] Copy Pods Resources */ = {
			isa = PBXShellScriptBuildPhase;
			buildActionMask = 2147483647;
			files = (
			);
			inputFileListPaths = (
				"${PODS_ROOT}/Target Support Files/Pods-SoundMap/Pods-SoundMap-resources-${CONFIGURATION}-input-files.xcfilelist",
			);
			name = "[CP] Copy Pods Resources";
			outputFileListPaths = (
				"${PODS_ROOT}/Target Support Files/Pods-SoundMap/Pods-SoundMap-resources-${CONFIGURATION}-output-files.xcfilelist",
			);
			runOnlyForDeploymentPostprocessing = 0;
			shellPath = /bin/sh;
			shellScript = "\"${PODS_ROOT}/Target Support Files/Pods-SoundMap/Pods-SoundMap-resources.sh\"\n";
			showEnvVarsInLog = 0;
		};
		428E83ADB23519611F56EE85 /* [CP] Embed Pods Frameworks */ = {
			isa = PBXShellScriptBuildPhase;
			buildActionMask = 2147483647;
			files = (
			);
			inputFileListPaths = (
				"${PODS_ROOT}/Target Support Files/Pods-SoundMap/Pods-SoundMap-frameworks-${CONFIGURATION}-input-files.xcfilelist",
			);
			name = "[CP] Embed Pods Frameworks";
			outputFileListPaths = (
				"${PODS_ROOT}/Target Support Files/Pods-SoundMap/Pods-SoundMap-frameworks-${CONFIGURATION}-output-files.xcfilelist",
			);
			runOnlyForDeploymentPostprocessing = 0;
			shellPath = /bin/sh;
			shellScript = "\"${PODS_ROOT}/Target Support Files/Pods-SoundMap/Pods-SoundMap-frameworks.sh\"\n";
			showEnvVarsInLog = 0;
		};
		C5CC422714EF54F20B103F90 /* [CP] Check Pods Manifest.lock */ = {
			isa = PBXShellScriptBuildPhase;
			buildActionMask = 2147483647;
			files = (
			);
			inputFileListPaths = (
			);
			inputPaths = (
				"${PODS_PODFILE_DIR_PATH}/Podfile.lock",
				"${PODS_ROOT}/Manifest.lock",
			);
			name = "[CP] Check Pods Manifest.lock";
			outputFileListPaths = (
			);
			outputPaths = (
				"$(DERIVED_FILE_DIR)/Pods-SoundMap-checkManifestLockResult.txt",
			);
			runOnlyForDeploymentPostprocessing = 0;
			shellPath = /bin/sh;
			shellScript = "diff \"${PODS_PODFILE_DIR_PATH}/Podfile.lock\" \"${PODS_ROOT}/Manifest.lock\" > /dev/null\nif [ $? != 0 ] ; then\n    # print error to STDERR\n    echo \"error: The sandbox is not in sync with the Podfile.lock. Run 'pod install' or update your CocoaPods installation.\" >&2\n    exit 1\nfi\n# This output is used by Xcode 'outputs' to avoid re-running this script phase.\necho \"SUCCESS\" > \"${SCRIPT_OUTPUT_FILE_0}\"\n";
			showEnvVarsInLog = 0;
		};
/* End PBXShellScriptBuildPhase section */

/* Begin PBXSourcesBuildPhase section */
		AB8D8E1A2B7950D30074520B /* Sources */ = {
			isa = PBXSourcesBuildPhase;
			buildActionMask = 2147483647;
			files = (
				ABA2BCDB2B7A012400257211 /* RecordAudioViewController.swift in Sources */,
				ABE28FBE2C8A2C6C00B09220 /* UserTabView.swift in Sources */,
				AB0E418F2B7BC89500CF3283 /* UploadViewController.swift in Sources */,
				AB24DACE2C81C127000C5A73 /* CustomeClusterRenderer.swift in Sources */,
				AB24DAD02C82762B000C5A73 /* AnimatedLaunchScreen.swift in Sources */,
				AB24DACB2C81B954000C5A73 /* InfoWindowView.swift in Sources */,
				AB8D8E262B7950D30074520B /* MapsViewController.swift in Sources */,
				AB8D8E222B7950D30074520B /* AppDelegate.swift in Sources */,
				AB8D8E242B7950D30074520B /* SceneDelegate.swift in Sources */,
				ABE28FC02C8A2CB300B09220 /* UserTabViewController.swift in Sources */,
				AB9831712B7F8738009DAEC3 /* MoreInfoViewController.swift in Sources */,
				ABA2BCD92B7A010400257211 /* EstablishmentSelectorViewController.swift in Sources */,
				AB8D8E382B7952EC0074520B /* RecordViewController.swift in Sources */,
			);
			runOnlyForDeploymentPostprocessing = 0;
		};
/* End PBXSourcesBuildPhase section */

/* Begin PBXVariantGroup section */
		AB8D8E272B7950D30074520B /* Main.storyboard */ = {
			isa = PBXVariantGroup;
			children = (
				AB8D8E282B7950D30074520B /* Base */,
			);
			name = Main.storyboard;
			sourceTree = "<group>";
		};
/* End PBXVariantGroup section */

/* Begin XCBuildConfiguration section */
		AB8D8E302B7950D40074520B /* Debug */ = {
			isa = XCBuildConfiguration;
			buildSettings = {
				ALWAYS_SEARCH_USER_PATHS = NO;
				ASSETCATALOG_COMPILER_GENERATE_SWIFT_ASSET_SYMBOL_EXTENSIONS = YES;
				CLANG_ANALYZER_NONNULL = YES;
				CLANG_ANALYZER_NUMBER_OBJECT_CONVERSION = YES_AGGRESSIVE;
				CLANG_CXX_LANGUAGE_STANDARD = "gnu++20";
				CLANG_ENABLE_MODULES = YES;
				CLANG_ENABLE_OBJC_ARC = YES;
				CLANG_ENABLE_OBJC_WEAK = YES;
				CLANG_WARN_BLOCK_CAPTURE_AUTORELEASING = YES;
				CLANG_WARN_BOOL_CONVERSION = YES;
				CLANG_WARN_COMMA = YES;
				CLANG_WARN_CONSTANT_CONVERSION = YES;
				CLANG_WARN_DEPRECATED_OBJC_IMPLEMENTATIONS = YES;
				CLANG_WARN_DIRECT_OBJC_ISA_USAGE = YES_ERROR;
				CLANG_WARN_DOCUMENTATION_COMMENTS = YES;
				CLANG_WARN_EMPTY_BODY = YES;
				CLANG_WARN_ENUM_CONVERSION = YES;
				CLANG_WARN_INFINITE_RECURSION = YES;
				CLANG_WARN_INT_CONVERSION = YES;
				CLANG_WARN_NON_LITERAL_NULL_CONVERSION = YES;
				CLANG_WARN_OBJC_IMPLICIT_RETAIN_SELF = YES;
				CLANG_WARN_OBJC_LITERAL_CONVERSION = YES;
				CLANG_WARN_OBJC_ROOT_CLASS = YES_ERROR;
				CLANG_WARN_QUOTED_INCLUDE_IN_FRAMEWORK_HEADER = YES;
				CLANG_WARN_RANGE_LOOP_ANALYSIS = YES;
				CLANG_WARN_STRICT_PROTOTYPES = YES;
				CLANG_WARN_SUSPICIOUS_MOVE = YES;
				CLANG_WARN_UNGUARDED_AVAILABILITY = YES_AGGRESSIVE;
				CLANG_WARN_UNREACHABLE_CODE = YES;
				CLANG_WARN__DUPLICATE_METHOD_MATCH = YES;
				COPY_PHASE_STRIP = NO;
				DEBUG_INFORMATION_FORMAT = dwarf;
				ENABLE_STRICT_OBJC_MSGSEND = YES;
				ENABLE_TESTABILITY = YES;
				ENABLE_USER_SCRIPT_SANDBOXING = NO;
				GCC_C_LANGUAGE_STANDARD = gnu17;
				GCC_DYNAMIC_NO_PIC = NO;
				GCC_NO_COMMON_BLOCKS = YES;
				GCC_OPTIMIZATION_LEVEL = 0;
				GCC_PREPROCESSOR_DEFINITIONS = (
					"DEBUG=1",
					"$(inherited)",
				);
				GCC_WARN_64_TO_32_BIT_CONVERSION = YES;
				GCC_WARN_ABOUT_RETURN_TYPE = YES_ERROR;
				GCC_WARN_UNDECLARED_SELECTOR = YES;
				GCC_WARN_UNINITIALIZED_AUTOS = YES_AGGRESSIVE;
				GCC_WARN_UNUSED_FUNCTION = YES;
				GCC_WARN_UNUSED_VARIABLE = YES;
				IPHONEOS_DEPLOYMENT_TARGET = 17.2;
				LOCALIZATION_PREFERS_STRING_CATALOGS = YES;
				MTL_ENABLE_DEBUG_INFO = INCLUDE_SOURCE;
				MTL_FAST_MATH = YES;
				ONLY_ACTIVE_ARCH = YES;
				SDKROOT = iphoneos;
				SWIFT_ACTIVE_COMPILATION_CONDITIONS = "DEBUG $(inherited)";
				SWIFT_OPTIMIZATION_LEVEL = "-Onone";
			};
			name = Debug;
		};
		AB8D8E312B7950D40074520B /* Release */ = {
			isa = XCBuildConfiguration;
			buildSettings = {
				ALWAYS_SEARCH_USER_PATHS = NO;
				ASSETCATALOG_COMPILER_GENERATE_SWIFT_ASSET_SYMBOL_EXTENSIONS = YES;
				CLANG_ANALYZER_NONNULL = YES;
				CLANG_ANALYZER_NUMBER_OBJECT_CONVERSION = YES_AGGRESSIVE;
				CLANG_CXX_LANGUAGE_STANDARD = "gnu++20";
				CLANG_ENABLE_MODULES = YES;
				CLANG_ENABLE_OBJC_ARC = YES;
				CLANG_ENABLE_OBJC_WEAK = YES;
				CLANG_WARN_BLOCK_CAPTURE_AUTORELEASING = YES;
				CLANG_WARN_BOOL_CONVERSION = YES;
				CLANG_WARN_COMMA = YES;
				CLANG_WARN_CONSTANT_CONVERSION = YES;
				CLANG_WARN_DEPRECATED_OBJC_IMPLEMENTATIONS = YES;
				CLANG_WARN_DIRECT_OBJC_ISA_USAGE = YES_ERROR;
				CLANG_WARN_DOCUMENTATION_COMMENTS = YES;
				CLANG_WARN_EMPTY_BODY = YES;
				CLANG_WARN_ENUM_CONVERSION = YES;
				CLANG_WARN_INFINITE_RECURSION = YES;
				CLANG_WARN_INT_CONVERSION = YES;
				CLANG_WARN_NON_LITERAL_NULL_CONVERSION = YES;
				CLANG_WARN_OBJC_IMPLICIT_RETAIN_SELF = YES;
				CLANG_WARN_OBJC_LITERAL_CONVERSION = YES;
				CLANG_WARN_OBJC_ROOT_CLASS = YES_ERROR;
				CLANG_WARN_QUOTED_INCLUDE_IN_FRAMEWORK_HEADER = YES;
				CLANG_WARN_RANGE_LOOP_ANALYSIS = YES;
				CLANG_WARN_STRICT_PROTOTYPES = YES;
				CLANG_WARN_SUSPICIOUS_MOVE = YES;
				CLANG_WARN_UNGUARDED_AVAILABILITY = YES_AGGRESSIVE;
				CLANG_WARN_UNREACHABLE_CODE = YES;
				CLANG_WARN__DUPLICATE_METHOD_MATCH = YES;
				COPY_PHASE_STRIP = NO;
				DEBUG_INFORMATION_FORMAT = "dwarf-with-dsym";
				ENABLE_NS_ASSERTIONS = NO;
				ENABLE_STRICT_OBJC_MSGSEND = YES;
				ENABLE_USER_SCRIPT_SANDBOXING = NO;
				GCC_C_LANGUAGE_STANDARD = gnu17;
				GCC_NO_COMMON_BLOCKS = YES;
				GCC_WARN_64_TO_32_BIT_CONVERSION = YES;
				GCC_WARN_ABOUT_RETURN_TYPE = YES_ERROR;
				GCC_WARN_UNDECLARED_SELECTOR = YES;
				GCC_WARN_UNINITIALIZED_AUTOS = YES_AGGRESSIVE;
				GCC_WARN_UNUSED_FUNCTION = YES;
				GCC_WARN_UNUSED_VARIABLE = YES;
				IPHONEOS_DEPLOYMENT_TARGET = 17.2;
				LOCALIZATION_PREFERS_STRING_CATALOGS = YES;
				MTL_ENABLE_DEBUG_INFO = NO;
				MTL_FAST_MATH = YES;
				SDKROOT = iphoneos;
				SWIFT_COMPILATION_MODE = wholemodule;
				VALIDATE_PRODUCT = YES;
			};
			name = Release;
		};
		AB8D8E332B7950D40074520B /* Debug */ = {
			isa = XCBuildConfiguration;
			baseConfigurationReference = 601B399B44956CBBFA78DD50 /* Pods-SoundMap.debug.xcconfig */;
			buildSettings = {
				ASSETCATALOG_COMPILER_APPICON_NAME = AppIcon;
				ASSETCATALOG_COMPILER_GLOBAL_ACCENT_COLOR_NAME = AccentColor;
				CODE_SIGN_STYLE = Automatic;
				CURRENT_PROJECT_VERSION = 1;
				DEVELOPMENT_TEAM = 7L44D7469D;
				GENERATE_INFOPLIST_FILE = YES;
				INFOPLIST_FILE = SoundMap/Info.plist;
				INFOPLIST_KEY_CFBundleDisplayName = SoundMap;
				INFOPLIST_KEY_LSApplicationCategoryType = "public.app-category.lifestyle";
				INFOPLIST_KEY_NSLocationAlwaysAndWhenInUseUsageDescription = "This app uses your location to enable you to locate yourself on the map and ensure each recording is actually from the establishment where the user is.";
				INFOPLIST_KEY_NSLocationAlwaysUsageDescription = "This app uses your location to enable you to locate yourself on the map and ensure each recording is actually from the establishment where the user is.";
				INFOPLIST_KEY_NSLocationWhenInUseUsageDescription = "This app uses your location to enable you to locate yourself on the map and ensure each recording is actually from the establishment where the user is.";
				INFOPLIST_KEY_NSMicrophoneUsageDescription = "This app uses the  microphone to record audio for your pins.";
				INFOPLIST_KEY_UIApplicationSupportsIndirectInputEvents = YES;
				INFOPLIST_KEY_UIMainStoryboardFile = Main;
				INFOPLIST_KEY_UISupportedInterfaceOrientations = UIInterfaceOrientationPortrait;
				INFOPLIST_KEY_UISupportedInterfaceOrientations_iPad = UIInterfaceOrientationPortrait;
				IPHONEOS_DEPLOYMENT_TARGET = 17.2;
				LD_RUNPATH_SEARCH_PATHS = (
					"$(inherited)",
					"@executable_path/Frameworks",
				);
				MARKETING_VERSION = 1.2;
				PRODUCT_BUNDLE_IDENTIFIER = com.jsk.SoundMap;
				PRODUCT_NAME = "$(TARGET_NAME)";
				SUPPORTED_PLATFORMS = "iphoneos iphonesimulator";
				SUPPORTS_MACCATALYST = NO;
				SUPPORTS_MAC_DESIGNED_FOR_IPHONE_IPAD = NO;
				SUPPORTS_XR_DESIGNED_FOR_IPHONE_IPAD = NO;
				SWIFT_EMIT_LOC_STRINGS = YES;
				SWIFT_VERSION = 5.0;
				TARGETED_DEVICE_FAMILY = 1;
			};
			name = Debug;
		};
		AB8D8E342B7950D40074520B /* Release */ = {
			isa = XCBuildConfiguration;
			baseConfigurationReference = 084875DF401C6FE652EB8877 /* Pods-SoundMap.release.xcconfig */;
			buildSettings = {
				ASSETCATALOG_COMPILER_APPICON_NAME = AppIcon;
				ASSETCATALOG_COMPILER_GLOBAL_ACCENT_COLOR_NAME = AccentColor;
				CODE_SIGN_STYLE = Automatic;
				CURRENT_PROJECT_VERSION = 1;
				DEVELOPMENT_TEAM = 7L44D7469D;
				GENERATE_INFOPLIST_FILE = YES;
				INFOPLIST_FILE = SoundMap/Info.plist;
				INFOPLIST_KEY_CFBundleDisplayName = SoundMap;
				INFOPLIST_KEY_LSApplicationCategoryType = "public.app-category.lifestyle";
				INFOPLIST_KEY_NSLocationAlwaysAndWhenInUseUsageDescription = "This app uses your location to enable you to locate yourself on the map and ensure each recording is actually from the establishment where the user is.";
				INFOPLIST_KEY_NSLocationAlwaysUsageDescription = "This app uses your location to enable you to locate yourself on the map and ensure each recording is actually from the establishment where the user is.";
				INFOPLIST_KEY_NSLocationWhenInUseUsageDescription = "This app uses your location to enable you to locate yourself on the map and ensure each recording is actually from the establishment where the user is.";
				INFOPLIST_KEY_NSMicrophoneUsageDescription = "This app uses the  microphone to record audio for your pins.";
				INFOPLIST_KEY_UIApplicationSupportsIndirectInputEvents = YES;
				INFOPLIST_KEY_UIMainStoryboardFile = Main;
				INFOPLIST_KEY_UISupportedInterfaceOrientations = UIInterfaceOrientationPortrait;
				INFOPLIST_KEY_UISupportedInterfaceOrientations_iPad = UIInterfaceOrientationPortrait;
				IPHONEOS_DEPLOYMENT_TARGET = 17.2;
				LD_RUNPATH_SEARCH_PATHS = (
					"$(inherited)",
					"@executable_path/Frameworks",
				);
				MARKETING_VERSION = 1.2;
				PRODUCT_BUNDLE_IDENTIFIER = com.jsk.SoundMap;
				PRODUCT_NAME = "$(TARGET_NAME)";
				SUPPORTED_PLATFORMS = "iphoneos iphonesimulator";
				SUPPORTS_MACCATALYST = NO;
				SUPPORTS_MAC_DESIGNED_FOR_IPHONE_IPAD = NO;
				SUPPORTS_XR_DESIGNED_FOR_IPHONE_IPAD = NO;
				SWIFT_EMIT_LOC_STRINGS = YES;
				SWIFT_VERSION = 5.0;
				TARGETED_DEVICE_FAMILY = 1;
			};
			name = Release;
		};
/* End XCBuildConfiguration section */

/* Begin XCConfigurationList section */
		AB8D8E192B7950D30074520B /* Build configuration list for PBXProject "Noise" */ = {
			isa = XCConfigurationList;
			buildConfigurations = (
				AB8D8E302B7950D40074520B /* Debug */,
				AB8D8E312B7950D40074520B /* Release */,
			);
			defaultConfigurationIsVisible = 0;
			defaultConfigurationName = Release;
		};
		AB8D8E322B7950D40074520B /* Build configuration list for PBXNativeTarget "SoundMap" */ = {
			isa = XCConfigurationList;
			buildConfigurations = (
				AB8D8E332B7950D40074520B /* Debug */,
				AB8D8E342B7950D40074520B /* Release */,
			);
			defaultConfigurationIsVisible = 0;
			defaultConfigurationName = Release;
		};
/* End XCConfigurationList section */
	};
	rootObject = AB8D8E162B7950D30074520B /* Project object */;
}
